// !$*UTF8*$!
{
	archiveVersion = 1;
	classes = {
	};
	objectVersion = 46;
	objects = {

/* Begin PBXBuildFile section */
		222675161D6DFBB30052D475 /* PlaylistListViewController.swift in Sources */ = {isa = PBXBuildFile; fileRef = 222675151D6DFBB30052D475 /* PlaylistListViewController.swift */; };
		222675181D6E40000052D475 /* SpotifyLoginViewController.swift in Sources */ = {isa = PBXBuildFile; fileRef = 222675171D6E40000052D475 /* SpotifyLoginViewController.swift */; };
		2226751A1D6E72B40052D475 /* FriendPlaylistsViewController.swift in Sources */ = {isa = PBXBuildFile; fileRef = 222675191D6E72B40052D475 /* FriendPlaylistsViewController.swift */; };
		2245227A1D6F647800F5F792 /* TrackListViewController.swift in Sources */ = {isa = PBXBuildFile; fileRef = 224522791D6F647800F5F792 /* TrackListViewController.swift */; };
		2245227C1D6F66C200F5F792 /* Track.swift in Sources */ = {isa = PBXBuildFile; fileRef = 2245227B1D6F66C200F5F792 /* Track.swift */; };
		2245227E1D6F66CE00F5F792 /* TrackController.swift in Sources */ = {isa = PBXBuildFile; fileRef = 2245227D1D6F66CE00F5F792 /* TrackController.swift */; };
		224522801D6F70DB00F5F792 /* SpotifySearchTableViewController.swift in Sources */ = {isa = PBXBuildFile; fileRef = 2245227F1D6F70DB00F5F792 /* SpotifySearchTableViewController.swift */; };
		224522841D6F7A8000F5F792 /* SpotifySearchResultsTableViewController.swift in Sources */ = {isa = PBXBuildFile; fileRef = 224522831D6F7A8000F5F792 /* SpotifySearchResultsTableViewController.swift */; };
		224522871D6F7F1200F5F792 /* NetworkController.swift in Sources */ = {isa = PBXBuildFile; fileRef = 224522861D6F7F1200F5F792 /* NetworkController.swift */; };
		22456C511D6A3C32001B7A9B /* AppDelegate.swift in Sources */ = {isa = PBXBuildFile; fileRef = 22456C501D6A3C32001B7A9B /* AppDelegate.swift */; };
		22456C561D6A3C32001B7A9B /* Main.storyboard in Resources */ = {isa = PBXBuildFile; fileRef = 22456C541D6A3C32001B7A9B /* Main.storyboard */; };
		22456C581D6A3C32001B7A9B /* Assets.xcassets in Resources */ = {isa = PBXBuildFile; fileRef = 22456C571D6A3C32001B7A9B /* Assets.xcassets */; };
		22456C5B1D6A3C32001B7A9B /* LaunchScreen.storyboard in Resources */ = {isa = PBXBuildFile; fileRef = 22456C591D6A3C32001B7A9B /* LaunchScreen.storyboard */; };
		22456C641D6A3CA1001B7A9B /* GoogleService-Info.plist in Resources */ = {isa = PBXBuildFile; fileRef = 22456C631D6A3CA1001B7A9B /* GoogleService-Info.plist */; };
		22456C681D6A40E6001B7A9B /* FBSDKCoreKit.framework in Frameworks */ = {isa = PBXBuildFile; fileRef = 22456C651D6A40E6001B7A9B /* FBSDKCoreKit.framework */; };
		22456C691D6A40E6001B7A9B /* FBSDKLoginKit.framework in Frameworks */ = {isa = PBXBuildFile; fileRef = 22456C661D6A40E6001B7A9B /* FBSDKLoginKit.framework */; };
		22456C6A1D6A40E6001B7A9B /* FBSDKShareKit.framework in Frameworks */ = {isa = PBXBuildFile; fileRef = 22456C671D6A40E6001B7A9B /* FBSDKShareKit.framework */; };
		22456C6C1D6A4359001B7A9B /* AuthenticationViewController.swift in Sources */ = {isa = PBXBuildFile; fileRef = 22456C6B1D6A4359001B7A9B /* AuthenticationViewController.swift */; };
		22456C6E1D6A4620001B7A9B /* UserController.swift in Sources */ = {isa = PBXBuildFile; fileRef = 22456C6D1D6A4620001B7A9B /* UserController.swift */; };
		22456C701D6A462A001B7A9B /* User.swift in Sources */ = {isa = PBXBuildFile; fileRef = 22456C6F1D6A462A001B7A9B /* User.swift */; };
		22456C751D6A4D6E001B7A9B /* HomeViewController.swift in Sources */ = {isa = PBXBuildFile; fileRef = 22456C741D6A4D6E001B7A9B /* HomeViewController.swift */; };
		22456C7A1D6A8B5D001B7A9B /* FriendsListTableViewController.swift in Sources */ = {isa = PBXBuildFile; fileRef = 22456C791D6A8B5D001B7A9B /* FriendsListTableViewController.swift */; };
		228381F71D6BDC0F00D78B53 /* AVFoundation.framework in Frameworks */ = {isa = PBXBuildFile; fileRef = 228381F61D6BDC0F00D78B53 /* AVFoundation.framework */; };
		228381F91D6BDC1C00D78B53 /* SystemConfiguration.framework in Frameworks */ = {isa = PBXBuildFile; fileRef = 228381F81D6BDC1C00D78B53 /* SystemConfiguration.framework */; };
		228381FB1D6BDCCC00D78B53 /* Spotify.framework in Frameworks */ = {isa = PBXBuildFile; fileRef = 228381FA1D6BDCCC00D78B53 /* Spotify.framework */; };
		228382031D6BE11F00D78B53 /* ContributingViewController.swift in Sources */ = {isa = PBXBuildFile; fileRef = 228382021D6BE11F00D78B53 /* ContributingViewController.swift */; };
		228382051D6BE13500D78B53 /* HostingViewController.swift in Sources */ = {isa = PBXBuildFile; fileRef = 228382041D6BE13500D78B53 /* HostingViewController.swift */; };
		228382071D6BEACD00D78B53 /* Bolts.framework in Frameworks */ = {isa = PBXBuildFile; fileRef = 228382061D6BEACD00D78B53 /* Bolts.framework */; };
		22AFF0A61D6CE44400121CC4 /* Playlist.swift in Sources */ = {isa = PBXBuildFile; fileRef = 22AFF0A51D6CE44400121CC4 /* Playlist.swift */; };
		22AFF0A81D6CE5B600121CC4 /* PlaylistController.swift in Sources */ = {isa = PBXBuildFile; fileRef = 22AFF0A71D6CE5B600121CC4 /* PlaylistController.swift */; };
		22AFF0AA1D6CEC8000121CC4 /* NewPlaylistViewController.swift in Sources */ = {isa = PBXBuildFile; fileRef = 22AFF0A91D6CEC8000121CC4 /* NewPlaylistViewController.swift */; };
		D0D9E44A13364A79A151BFF8 /* Pods_Disco.framework in Frameworks */ = {isa = PBXBuildFile; fileRef = 734C6BECD8FCB7F4C3993F7F /* Pods_Disco.framework */; };
/* End PBXBuildFile section */

/* Begin PBXFileReference section */
		222675151D6DFBB30052D475 /* PlaylistListViewController.swift */ = {isa = PBXFileReference; fileEncoding = 4; lastKnownFileType = sourcecode.swift; path = PlaylistListViewController.swift; sourceTree = "<group>"; };
		222675171D6E40000052D475 /* SpotifyLoginViewController.swift */ = {isa = PBXFileReference; fileEncoding = 4; lastKnownFileType = sourcecode.swift; path = SpotifyLoginViewController.swift; sourceTree = "<group>"; };
		222675191D6E72B40052D475 /* FriendPlaylistsViewController.swift */ = {isa = PBXFileReference; fileEncoding = 4; lastKnownFileType = sourcecode.swift; path = FriendPlaylistsViewController.swift; sourceTree = "<group>"; };
		224522791D6F647800F5F792 /* TrackListViewController.swift */ = {isa = PBXFileReference; fileEncoding = 4; lastKnownFileType = sourcecode.swift; path = TrackListViewController.swift; sourceTree = "<group>"; };
		2245227B1D6F66C200F5F792 /* Track.swift */ = {isa = PBXFileReference; fileEncoding = 4; lastKnownFileType = sourcecode.swift; path = Track.swift; sourceTree = "<group>"; };
		2245227D1D6F66CE00F5F792 /* TrackController.swift */ = {isa = PBXFileReference; fileEncoding = 4; lastKnownFileType = sourcecode.swift; path = TrackController.swift; sourceTree = "<group>"; };
		2245227F1D6F70DB00F5F792 /* SpotifySearchTableViewController.swift */ = {isa = PBXFileReference; fileEncoding = 4; lastKnownFileType = sourcecode.swift; path = SpotifySearchTableViewController.swift; sourceTree = "<group>"; };
		224522831D6F7A8000F5F792 /* SpotifySearchResultsTableViewController.swift */ = {isa = PBXFileReference; fileEncoding = 4; lastKnownFileType = sourcecode.swift; path = SpotifySearchResultsTableViewController.swift; sourceTree = "<group>"; };
		224522861D6F7F1200F5F792 /* NetworkController.swift */ = {isa = PBXFileReference; fileEncoding = 4; lastKnownFileType = sourcecode.swift; path = NetworkController.swift; sourceTree = "<group>"; };
		22456C4D1D6A3C32001B7A9B /* Disco.app */ = {isa = PBXFileReference; explicitFileType = wrapper.application; includeInIndex = 0; path = Disco.app; sourceTree = BUILT_PRODUCTS_DIR; };
		22456C501D6A3C32001B7A9B /* AppDelegate.swift */ = {isa = PBXFileReference; lastKnownFileType = sourcecode.swift; path = AppDelegate.swift; sourceTree = "<group>"; };
		22456C551D6A3C32001B7A9B /* Base */ = {isa = PBXFileReference; lastKnownFileType = file.storyboard; name = Base; path = Base.lproj/Main.storyboard; sourceTree = "<group>"; };
		22456C571D6A3C32001B7A9B /* Assets.xcassets */ = {isa = PBXFileReference; lastKnownFileType = folder.assetcatalog; path = Assets.xcassets; sourceTree = "<group>"; };
		22456C5A1D6A3C32001B7A9B /* Base */ = {isa = PBXFileReference; lastKnownFileType = file.storyboard; name = Base; path = Base.lproj/LaunchScreen.storyboard; sourceTree = "<group>"; };
		22456C5C1D6A3C32001B7A9B /* Info.plist */ = {isa = PBXFileReference; lastKnownFileType = text.plist.xml; path = Info.plist; sourceTree = "<group>"; };
		22456C631D6A3CA1001B7A9B /* GoogleService-Info.plist */ = {isa = PBXFileReference; fileEncoding = 4; lastKnownFileType = text.plist.xml; path = "GoogleService-Info.plist"; sourceTree = "<group>"; };
		22456C651D6A40E6001B7A9B /* FBSDKCoreKit.framework */ = {isa = PBXFileReference; lastKnownFileType = wrapper.framework; path = FBSDKCoreKit.framework; sourceTree = "<group>"; };
		22456C661D6A40E6001B7A9B /* FBSDKLoginKit.framework */ = {isa = PBXFileReference; lastKnownFileType = wrapper.framework; path = FBSDKLoginKit.framework; sourceTree = "<group>"; };
		22456C671D6A40E6001B7A9B /* FBSDKShareKit.framework */ = {isa = PBXFileReference; lastKnownFileType = wrapper.framework; path = FBSDKShareKit.framework; sourceTree = "<group>"; };
		22456C6B1D6A4359001B7A9B /* AuthenticationViewController.swift */ = {isa = PBXFileReference; fileEncoding = 4; lastKnownFileType = sourcecode.swift; path = AuthenticationViewController.swift; sourceTree = "<group>"; };
		22456C6D1D6A4620001B7A9B /* UserController.swift */ = {isa = PBXFileReference; fileEncoding = 4; lastKnownFileType = sourcecode.swift; path = UserController.swift; sourceTree = "<group>"; };
		22456C6F1D6A462A001B7A9B /* User.swift */ = {isa = PBXFileReference; fileEncoding = 4; lastKnownFileType = sourcecode.swift; path = User.swift; sourceTree = "<group>"; };
		22456C741D6A4D6E001B7A9B /* HomeViewController.swift */ = {isa = PBXFileReference; fileEncoding = 4; lastKnownFileType = sourcecode.swift; path = HomeViewController.swift; sourceTree = "<group>"; };
		22456C791D6A8B5D001B7A9B /* FriendsListTableViewController.swift */ = {isa = PBXFileReference; fileEncoding = 4; lastKnownFileType = sourcecode.swift; path = FriendsListTableViewController.swift; sourceTree = "<group>"; };
		228381F61D6BDC0F00D78B53 /* AVFoundation.framework */ = {isa = PBXFileReference; lastKnownFileType = wrapper.framework; name = AVFoundation.framework; path = System/Library/Frameworks/AVFoundation.framework; sourceTree = SDKROOT; };
		228381F81D6BDC1C00D78B53 /* SystemConfiguration.framework */ = {isa = PBXFileReference; lastKnownFileType = wrapper.framework; name = SystemConfiguration.framework; path = System/Library/Frameworks/SystemConfiguration.framework; sourceTree = SDKROOT; };
		228381FA1D6BDCCC00D78B53 /* Spotify.framework */ = {isa = PBXFileReference; lastKnownFileType = wrapper.framework; path = Spotify.framework; sourceTree = "<group>"; };
		228381FC1D6BDCE300D78B53 /* Disco-Bridging-Header.h */ = {isa = PBXFileReference; lastKnownFileType = sourcecode.c.h; path = "Disco-Bridging-Header.h"; sourceTree = "<group>"; };
		228382021D6BE11F00D78B53 /* ContributingViewController.swift */ = {isa = PBXFileReference; fileEncoding = 4; lastKnownFileType = sourcecode.swift; path = ContributingViewController.swift; sourceTree = "<group>"; };
		228382041D6BE13500D78B53 /* HostingViewController.swift */ = {isa = PBXFileReference; fileEncoding = 4; lastKnownFileType = sourcecode.swift; path = HostingViewController.swift; sourceTree = "<group>"; };
		228382061D6BEACD00D78B53 /* Bolts.framework */ = {isa = PBXFileReference; lastKnownFileType = wrapper.framework; path = Bolts.framework; sourceTree = "<group>"; };
		22AFF0A51D6CE44400121CC4 /* Playlist.swift */ = {isa = PBXFileReference; fileEncoding = 4; lastKnownFileType = sourcecode.swift; path = Playlist.swift; sourceTree = "<group>"; };
		22AFF0A71D6CE5B600121CC4 /* PlaylistController.swift */ = {isa = PBXFileReference; fileEncoding = 4; lastKnownFileType = sourcecode.swift; path = PlaylistController.swift; sourceTree = "<group>"; };
		22AFF0A91D6CEC8000121CC4 /* NewPlaylistViewController.swift */ = {isa = PBXFileReference; fileEncoding = 4; lastKnownFileType = sourcecode.swift; path = NewPlaylistViewController.swift; sourceTree = "<group>"; };
		734C6BECD8FCB7F4C3993F7F /* Pods_Disco.framework */ = {isa = PBXFileReference; explicitFileType = wrapper.framework; includeInIndex = 0; path = Pods_Disco.framework; sourceTree = BUILT_PRODUCTS_DIR; };
		C1C4DD003BFC04492F5C49F5 /* Pods-Disco.release.xcconfig */ = {isa = PBXFileReference; includeInIndex = 1; lastKnownFileType = text.xcconfig; name = "Pods-Disco.release.xcconfig"; path = "Pods/Target Support Files/Pods-Disco/Pods-Disco.release.xcconfig"; sourceTree = "<group>"; };
		C701716C57C37BBB5005548A /* Pods-Disco.debug.xcconfig */ = {isa = PBXFileReference; includeInIndex = 1; lastKnownFileType = text.xcconfig; name = "Pods-Disco.debug.xcconfig"; path = "Pods/Target Support Files/Pods-Disco/Pods-Disco.debug.xcconfig"; sourceTree = "<group>"; };
/* End PBXFileReference section */

/* Begin PBXFrameworksBuildPhase section */
		22456C4A1D6A3C32001B7A9B /* Frameworks */ = {
			isa = PBXFrameworksBuildPhase;
			buildActionMask = 2147483647;
			files = (
				228381F91D6BDC1C00D78B53 /* SystemConfiguration.framework in Frameworks */,
				228381F71D6BDC0F00D78B53 /* AVFoundation.framework in Frameworks */,
				228381FB1D6BDCCC00D78B53 /* Spotify.framework in Frameworks */,
				22456C6A1D6A40E6001B7A9B /* FBSDKShareKit.framework in Frameworks */,
				D0D9E44A13364A79A151BFF8 /* Pods_Disco.framework in Frameworks */,
				22456C681D6A40E6001B7A9B /* FBSDKCoreKit.framework in Frameworks */,
				22456C691D6A40E6001B7A9B /* FBSDKLoginKit.framework in Frameworks */,
				228382071D6BEACD00D78B53 /* Bolts.framework in Frameworks */,
			);
			runOnlyForDeploymentPostprocessing = 0;
		};
/* End PBXFrameworksBuildPhase section */

/* Begin PBXGroup section */
		057B07A1FAD4EB29DCB2C717 /* Pods */ = {
			isa = PBXGroup;
			children = (
				C701716C57C37BBB5005548A /* Pods-Disco.debug.xcconfig */,
				C1C4DD003BFC04492F5C49F5 /* Pods-Disco.release.xcconfig */,
			);
			name = Pods;
			sourceTree = "<group>";
		};
		1ACFF4544AE7439540EBCA3A /* Frameworks */ = {
			isa = PBXGroup;
			children = (
				228382061D6BEACD00D78B53 /* Bolts.framework */,
				228381F81D6BDC1C00D78B53 /* SystemConfiguration.framework */,
				228381F61D6BDC0F00D78B53 /* AVFoundation.framework */,
				22456C651D6A40E6001B7A9B /* FBSDKCoreKit.framework */,
				22456C661D6A40E6001B7A9B /* FBSDKLoginKit.framework */,
				22456C671D6A40E6001B7A9B /* FBSDKShareKit.framework */,
				734C6BECD8FCB7F4C3993F7F /* Pods_Disco.framework */,
				228381FA1D6BDCCC00D78B53 /* Spotify.framework */,
			);
			name = Frameworks;
			sourceTree = "<group>";
		};
		224522811D6F70F300F5F792 /* Home VCs */ = {
			isa = PBXGroup;
			children = (
				222675171D6E40000052D475 /* SpotifyLoginViewController.swift */,
				22456C741D6A4D6E001B7A9B /* HomeViewController.swift */,
				228382021D6BE11F00D78B53 /* ContributingViewController.swift */,
				228382041D6BE13500D78B53 /* HostingViewController.swift */,
			);
			name = "Home VCs";
			sourceTree = "<group>";
		};
		224522821D6F7A4600F5F792 /* Contribute to playlist VCs */ = {
			isa = PBXGroup;
			children = (
				22456C791D6A8B5D001B7A9B /* FriendsListTableViewController.swift */,
				222675191D6E72B40052D475 /* FriendPlaylistsViewController.swift */,
			);
			name = "Contribute to playlist VCs";
			sourceTree = "<group>";
		};
		224522851D6F7A8700F5F792 /* Spotify Search */ = {
			isa = PBXGroup;
			children = (
				2245227F1D6F70DB00F5F792 /* SpotifySearchTableViewController.swift */,
				224522831D6F7A8000F5F792 /* SpotifySearchResultsTableViewController.swift */,
			);
			name = "Spotify Search";
			sourceTree = "<group>";
		};
		22456C441D6A3C32001B7A9B = {
			isa = PBXGroup;
			children = (
				22456C4F1D6A3C32001B7A9B /* Disco */,
				22456C4E1D6A3C32001B7A9B /* Products */,
				057B07A1FAD4EB29DCB2C717 /* Pods */,
				1ACFF4544AE7439540EBCA3A /* Frameworks */,
			);
			sourceTree = "<group>";
		};
		22456C4E1D6A3C32001B7A9B /* Products */ = {
			isa = PBXGroup;
			children = (
				22456C4D1D6A3C32001B7A9B /* Disco.app */,
			);
			name = Products;
			sourceTree = "<group>";
		};
		22456C4F1D6A3C32001B7A9B /* Disco */ = {
			isa = PBXGroup;
			children = (
				22456C501D6A3C32001B7A9B /* AppDelegate.swift */,
				22456C711D6A462D001B7A9B /* Models */,
				22456C721D6A4638001B7A9B /* Model Controllers */,
				22456C731D6A464B001B7A9B /* View Controllers */,
				22AFF0AD1D6D2D2D00121CC4 /* Views */,
				22456C781D6A7DCF001B7A9B /* Helper Classes */,
				22456C621D6A3C8D001B7A9B /* Resources */,
			);
			path = Disco;
			sourceTree = "<group>";
		};
		22456C621D6A3C8D001B7A9B /* Resources */ = {
			isa = PBXGroup;
			children = (
				228381FC1D6BDCE300D78B53 /* Disco-Bridging-Header.h */,
				22456C541D6A3C32001B7A9B /* Main.storyboard */,
				22456C571D6A3C32001B7A9B /* Assets.xcassets */,
				22456C591D6A3C32001B7A9B /* LaunchScreen.storyboard */,
				22456C631D6A3CA1001B7A9B /* GoogleService-Info.plist */,
				22456C5C1D6A3C32001B7A9B /* Info.plist */,
			);
			name = Resources;
			sourceTree = "<group>";
		};
		22456C711D6A462D001B7A9B /* Models */ = {
			isa = PBXGroup;
			children = (
				22456C6F1D6A462A001B7A9B /* User.swift */,
				22AFF0A51D6CE44400121CC4 /* Playlist.swift */,
				2245227B1D6F66C200F5F792 /* Track.swift */,
			);
			name = Models;
			sourceTree = "<group>";
		};
		22456C721D6A4638001B7A9B /* Model Controllers */ = {
			isa = PBXGroup;
			children = (
				22456C6D1D6A4620001B7A9B /* UserController.swift */,
				22AFF0A71D6CE5B600121CC4 /* PlaylistController.swift */,
				2245227D1D6F66CE00F5F792 /* TrackController.swift */,
			);
			name = "Model Controllers";
			sourceTree = "<group>";
		};
		22456C731D6A464B001B7A9B /* View Controllers */ = {
			isa = PBXGroup;
			children = (
				22456C6B1D6A4359001B7A9B /* AuthenticationViewController.swift */,
				224522811D6F70F300F5F792 /* Home VCs */,
				224522821D6F7A4600F5F792 /* Contribute to playlist VCs */,
				22AFF0A91D6CEC8000121CC4 /* NewPlaylistViewController.swift */,
				222675151D6DFBB30052D475 /* PlaylistListViewController.swift */,
				224522851D6F7A8700F5F792 /* Spotify Search */,
				224522791D6F647800F5F792 /* TrackListViewController.swift */,
			);
			name = "View Controllers";
			sourceTree = "<group>";
		};
		22456C781D6A7DCF001B7A9B /* Helper Classes */ = {
			isa = PBXGroup;
			children = (
				224522861D6F7F1200F5F792 /* NetworkController.swift */,
			);
			name = "Helper Classes";
			sourceTree = "<group>";
		};
		22AFF0AD1D6D2D2D00121CC4 /* Views */ = {
			isa = PBXGroup;
			children = (
			);
			name = Views;
			sourceTree = "<group>";
		};
/* End PBXGroup section */

/* Begin PBXNativeTarget section */
		22456C4C1D6A3C32001B7A9B /* Disco */ = {
			isa = PBXNativeTarget;
			buildConfigurationList = 22456C5F1D6A3C32001B7A9B /* Build configuration list for PBXNativeTarget "Disco" */;
			buildPhases = (
				0923BA65DA9C02EF3A4FE13E /* [CP] Check Pods Manifest.lock */,
				22456C491D6A3C32001B7A9B /* Sources */,
				22456C4A1D6A3C32001B7A9B /* Frameworks */,
				22456C4B1D6A3C32001B7A9B /* Resources */,
				EB08DB97802C4084E894F068 /* [CP] Embed Pods Frameworks */,
				779864C916D9FC78712E02E2 /* [CP] Copy Pods Resources */,
			);
			buildRules = (
			);
			dependencies = (
			);
			name = Disco;
			productName = Disco;
			productReference = 22456C4D1D6A3C32001B7A9B /* Disco.app */;
			productType = "com.apple.product-type.application";
		};
/* End PBXNativeTarget section */

/* Begin PBXProject section */
		22456C451D6A3C32001B7A9B /* Project object */ = {
			isa = PBXProject;
			attributes = {
				LastSwiftUpdateCheck = 0730;
				LastUpgradeCheck = 0730;
				ORGANIZATIONNAME = "Tim Chamberlin";
				TargetAttributes = {
					22456C4C1D6A3C32001B7A9B = {
						CreatedOnToolsVersion = 7.3.1;
						DevelopmentTeam = EFTGDDK4SN;
					};
				};
			};
			buildConfigurationList = 22456C481D6A3C32001B7A9B /* Build configuration list for PBXProject "Disco" */;
			compatibilityVersion = "Xcode 3.2";
			developmentRegion = English;
			hasScannedForEncodings = 0;
			knownRegions = (
				en,
				Base,
			);
			mainGroup = 22456C441D6A3C32001B7A9B;
			productRefGroup = 22456C4E1D6A3C32001B7A9B /* Products */;
			projectDirPath = "";
			projectRoot = "";
			targets = (
				22456C4C1D6A3C32001B7A9B /* Disco */,
			);
		};
/* End PBXProject section */

/* Begin PBXResourcesBuildPhase section */
		22456C4B1D6A3C32001B7A9B /* Resources */ = {
			isa = PBXResourcesBuildPhase;
			buildActionMask = 2147483647;
			files = (
				22456C5B1D6A3C32001B7A9B /* LaunchScreen.storyboard in Resources */,
				22456C641D6A3CA1001B7A9B /* GoogleService-Info.plist in Resources */,
				22456C581D6A3C32001B7A9B /* Assets.xcassets in Resources */,
				22456C561D6A3C32001B7A9B /* Main.storyboard in Resources */,
			);
			runOnlyForDeploymentPostprocessing = 0;
		};
/* End PBXResourcesBuildPhase section */

/* Begin PBXShellScriptBuildPhase section */
		0923BA65DA9C02EF3A4FE13E /* [CP] Check Pods Manifest.lock */ = {
			isa = PBXShellScriptBuildPhase;
			buildActionMask = 2147483647;
			files = (
			);
			inputPaths = (
			);
			name = "[CP] Check Pods Manifest.lock";
			outputPaths = (
			);
			runOnlyForDeploymentPostprocessing = 0;
			shellPath = /bin/sh;
			shellScript = "diff \"${PODS_ROOT}/../Podfile.lock\" \"${PODS_ROOT}/Manifest.lock\" > /dev/null\nif [[ $? != 0 ]] ; then\n    cat << EOM\nerror: The sandbox is not in sync with the Podfile.lock. Run 'pod install' or update your CocoaPods installation.\nEOM\n    exit 1\nfi\n";
			showEnvVarsInLog = 0;
		};
		779864C916D9FC78712E02E2 /* [CP] Copy Pods Resources */ = {
			isa = PBXShellScriptBuildPhase;
			buildActionMask = 2147483647;
			files = (
			);
			inputPaths = (
			);
			name = "[CP] Copy Pods Resources";
			outputPaths = (
			);
			runOnlyForDeploymentPostprocessing = 0;
			shellPath = /bin/sh;
			shellScript = "\"${SRCROOT}/Pods/Target Support Files/Pods-Disco/Pods-Disco-resources.sh\"\n";
			showEnvVarsInLog = 0;
		};
		EB08DB97802C4084E894F068 /* [CP] Embed Pods Frameworks */ = {
			isa = PBXShellScriptBuildPhase;
			buildActionMask = 2147483647;
			files = (
			);
			inputPaths = (
			);
			name = "[CP] Embed Pods Frameworks";
			outputPaths = (
			);
			runOnlyForDeploymentPostprocessing = 0;
			shellPath = /bin/sh;
			shellScript = "\"${SRCROOT}/Pods/Target Support Files/Pods-Disco/Pods-Disco-frameworks.sh\"\n";
			showEnvVarsInLog = 0;
		};
/* End PBXShellScriptBuildPhase section */

/* Begin PBXSourcesBuildPhase section */
		22456C491D6A3C32001B7A9B /* Sources */ = {
			isa = PBXSourcesBuildPhase;
			buildActionMask = 2147483647;
			files = (
				224522871D6F7F1200F5F792 /* NetworkController.swift in Sources */,
				224522801D6F70DB00F5F792 /* SpotifySearchTableViewController.swift in Sources */,
				228382031D6BE11F00D78B53 /* ContributingViewController.swift in Sources */,
				224522841D6F7A8000F5F792 /* SpotifySearchResultsTableViewController.swift in Sources */,
				228382051D6BE13500D78B53 /* HostingViewController.swift in Sources */,
				22AFF0A61D6CE44400121CC4 /* Playlist.swift in Sources */,
				22AFF0AA1D6CEC8000121CC4 /* NewPlaylistViewController.swift in Sources */,
				2226751A1D6E72B40052D475 /* FriendPlaylistsViewController.swift in Sources */,
				22456C751D6A4D6E001B7A9B /* HomeViewController.swift in Sources */,
				22456C701D6A462A001B7A9B /* User.swift in Sources */,
				22456C6E1D6A4620001B7A9B /* UserController.swift in Sources */,
				2245227A1D6F647800F5F792 /* TrackListViewController.swift in Sources */,
				222675181D6E40000052D475 /* SpotifyLoginViewController.swift in Sources */,
				2245227E1D6F66CE00F5F792 /* TrackController.swift in Sources */,
				22456C6C1D6A4359001B7A9B /* AuthenticationViewController.swift in Sources */,
				2245227C1D6F66C200F5F792 /* Track.swift in Sources */,
				222675161D6DFBB30052D475 /* PlaylistListViewController.swift in Sources */,
				22AFF0A81D6CE5B600121CC4 /* PlaylistController.swift in Sources */,
				22456C511D6A3C32001B7A9B /* AppDelegate.swift in Sources */,
				22456C7A1D6A8B5D001B7A9B /* FriendsListTableViewController.swift in Sources */,
			);
			runOnlyForDeploymentPostprocessing = 0;
		};
/* End PBXSourcesBuildPhase section */

/* Begin PBXVariantGroup section */
		22456C541D6A3C32001B7A9B /* Main.storyboard */ = {
			isa = PBXVariantGroup;
			children = (
				22456C551D6A3C32001B7A9B /* Base */,
			);
			name = Main.storyboard;
			sourceTree = "<group>";
		};
		22456C591D6A3C32001B7A9B /* LaunchScreen.storyboard */ = {
			isa = PBXVariantGroup;
			children = (
				22456C5A1D6A3C32001B7A9B /* Base */,
			);
			name = LaunchScreen.storyboard;
			sourceTree = "<group>";
		};
/* End PBXVariantGroup section */

/* Begin XCBuildConfiguration section */
		22456C5D1D6A3C32001B7A9B /* Debug */ = {
			isa = XCBuildConfiguration;
			buildSettings = {
				ALWAYS_SEARCH_USER_PATHS = NO;
				CLANG_ANALYZER_NONNULL = YES;
				CLANG_CXX_LANGUAGE_STANDARD = "gnu++0x";
				CLANG_CXX_LIBRARY = "libc++";
				CLANG_ENABLE_MODULES = YES;
				CLANG_ENABLE_OBJC_ARC = YES;
				CLANG_WARN_BOOL_CONVERSION = YES;
				CLANG_WARN_CONSTANT_CONVERSION = YES;
				CLANG_WARN_DIRECT_OBJC_ISA_USAGE = YES_ERROR;
				CLANG_WARN_EMPTY_BODY = YES;
				CLANG_WARN_ENUM_CONVERSION = YES;
				CLANG_WARN_INT_CONVERSION = YES;
				CLANG_WARN_OBJC_ROOT_CLASS = YES_ERROR;
				CLANG_WARN_UNREACHABLE_CODE = YES;
				CLANG_WARN__DUPLICATE_METHOD_MATCH = YES;
				"CODE_SIGN_IDENTITY[sdk=iphoneos*]" = "iPhone Developer";
				COPY_PHASE_STRIP = NO;
				DEBUG_INFORMATION_FORMAT = dwarf;
				ENABLE_STRICT_OBJC_MSGSEND = YES;
				ENABLE_TESTABILITY = YES;
				GCC_C_LANGUAGE_STANDARD = gnu99;
				GCC_DYNAMIC_NO_PIC = NO;
				GCC_NO_COMMON_BLOCKS = YES;
				GCC_OPTIMIZATION_LEVEL = 0;
				GCC_PREPROCESSOR_DEFINITIONS = (
					"DEBUG=1",
					"$(inherited)",
				);
				GCC_WARN_64_TO_32_BIT_CONVERSION = YES;
				GCC_WARN_ABOUT_RETURN_TYPE = YES_ERROR;
				GCC_WARN_UNDECLARED_SELECTOR = YES;
				GCC_WARN_UNINITIALIZED_AUTOS = YES_AGGRESSIVE;
				GCC_WARN_UNUSED_FUNCTION = YES;
				GCC_WARN_UNUSED_VARIABLE = YES;
				IPHONEOS_DEPLOYMENT_TARGET = 9.3;
				MTL_ENABLE_DEBUG_INFO = YES;
				ONLY_ACTIVE_ARCH = YES;
				SDKROOT = iphoneos;
				SWIFT_OPTIMIZATION_LEVEL = "-Onone";
				TARGETED_DEVICE_FAMILY = "1,2";
			};
			name = Debug;
		};
		22456C5E1D6A3C32001B7A9B /* Release */ = {
			isa = XCBuildConfiguration;
			buildSettings = {
				ALWAYS_SEARCH_USER_PATHS = NO;
				CLANG_ANALYZER_NONNULL = YES;
				CLANG_CXX_LANGUAGE_STANDARD = "gnu++0x";
				CLANG_CXX_LIBRARY = "libc++";
				CLANG_ENABLE_MODULES = YES;
				CLANG_ENABLE_OBJC_ARC = YES;
				CLANG_WARN_BOOL_CONVERSION = YES;
				CLANG_WARN_CONSTANT_CONVERSION = YES;
				CLANG_WARN_DIRECT_OBJC_ISA_USAGE = YES_ERROR;
				CLANG_WARN_EMPTY_BODY = YES;
				CLANG_WARN_ENUM_CONVERSION = YES;
				CLANG_WARN_INT_CONVERSION = YES;
				CLANG_WARN_OBJC_ROOT_CLASS = YES_ERROR;
				CLANG_WARN_UNREACHABLE_CODE = YES;
				CLANG_WARN__DUPLICATE_METHOD_MATCH = YES;
				"CODE_SIGN_IDENTITY[sdk=iphoneos*]" = "iPhone Developer";
				COPY_PHASE_STRIP = NO;
				DEBUG_INFORMATION_FORMAT = "dwarf-with-dsym";
				ENABLE_NS_ASSERTIONS = NO;
				ENABLE_STRICT_OBJC_MSGSEND = YES;
				GCC_C_LANGUAGE_STANDARD = gnu99;
				GCC_NO_COMMON_BLOCKS = YES;
				GCC_WARN_64_TO_32_BIT_CONVERSION = YES;
				GCC_WARN_ABOUT_RETURN_TYPE = YES_ERROR;
				GCC_WARN_UNDECLARED_SELECTOR = YES;
				GCC_WARN_UNINITIALIZED_AUTOS = YES_AGGRESSIVE;
				GCC_WARN_UNUSED_FUNCTION = YES;
				GCC_WARN_UNUSED_VARIABLE = YES;
				IPHONEOS_DEPLOYMENT_TARGET = 9.3;
				MTL_ENABLE_DEBUG_INFO = NO;
				SDKROOT = iphoneos;
				TARGETED_DEVICE_FAMILY = "1,2";
				VALIDATE_PRODUCT = YES;
			};
			name = Release;
		};
		22456C601D6A3C32001B7A9B /* Debug */ = {
			isa = XCBuildConfiguration;
			baseConfigurationReference = C701716C57C37BBB5005548A /* Pods-Disco.debug.xcconfig */;
			buildSettings = {
				ASSETCATALOG_COMPILER_APPICON_NAME = AppIcon;
				CLANG_ENABLE_MODULES = YES;
				CODE_SIGN_IDENTITY = "iPhone Developer";
				FRAMEWORK_SEARCH_PATHS = (
					"$(inherited)",
					"$(PROJECT_DIR)",
					"~/Documents/FacebookSDK",
				);
				INFOPLIST_FILE = Disco/Info.plist;
				IPHONEOS_DEPLOYMENT_TARGET = 9.0;
				LD_RUNPATH_SEARCH_PATHS = "$(inherited) @executable_path/Frameworks";
				PRODUCT_BUNDLE_IDENTIFIER = "com.tim-chamberlin.Disco";
				PRODUCT_NAME = "$(TARGET_NAME)";
				SWIFT_OBJC_BRIDGING_HEADER = "Disco/Disco-Bridging-Header.h";
				SWIFT_OPTIMIZATION_LEVEL = "-Onone";
			};
			name = Debug;
		};
		22456C611D6A3C32001B7A9B /* Release */ = {
			isa = XCBuildConfiguration;
			baseConfigurationReference = C1C4DD003BFC04492F5C49F5 /* Pods-Disco.release.xcconfig */;
			buildSettings = {
				ASSETCATALOG_COMPILER_APPICON_NAME = AppIcon;
				CLANG_ENABLE_MODULES = YES;
				CODE_SIGN_IDENTITY = "iPhone Developer";
				FRAMEWORK_SEARCH_PATHS = (
					"$(inherited)",
					"$(PROJECT_DIR)",
					"~/Documents/FacebookSDK",
				);
				INFOPLIST_FILE = Disco/Info.plist;
				IPHONEOS_DEPLOYMENT_TARGET = 9.0;
				LD_RUNPATH_SEARCH_PATHS = "$(inherited) @executable_path/Frameworks";
				PRODUCT_BUNDLE_IDENTIFIER = "com.tim-chamberlin.Disco";
				PRODUCT_NAME = "$(TARGET_NAME)";
				SWIFT_OBJC_BRIDGING_HEADER = "Disco/Disco-Bridging-Header.h";
			};
			name = Release;
		};
/* End XCBuildConfiguration section */

/* Begin XCConfigurationList section */
		22456C481D6A3C32001B7A9B /* Build configuration list for PBXProject "Disco" */ = {
			isa = XCConfigurationList;
			buildConfigurations = (
				22456C5D1D6A3C32001B7A9B /* Debug */,
				22456C5E1D6A3C32001B7A9B /* Release */,
			);
			defaultConfigurationIsVisible = 0;
			defaultConfigurationName = Release;
		};
		22456C5F1D6A3C32001B7A9B /* Build configuration list for PBXNativeTarget "Disco" */ = {
			isa = XCConfigurationList;
			buildConfigurations = (
				22456C601D6A3C32001B7A9B /* Debug */,
				22456C611D6A3C32001B7A9B /* Release */,
			);
			defaultConfigurationIsVisible = 0;
			defaultConfigurationName = Release;
		};
/* End XCConfigurationList section */
	};
	rootObject = 22456C451D6A3C32001B7A9B /* Project object */;
}
